
Microsoft Visual Studio Solution File, Format Version 12.00
# Visual Studio Version 17
VisualStudioVersion = 17.6.33829.357
MinimumVisualStudioVersion = 10.0.40219.1
Project("{FAE04EC0-301F-11D3-BF4B-00C04F79EFBC}") = "Project_FileDirectory", "Project_FileDirectory\Project_FileDirectory.csproj", "{2D240A31-DD86-4FE4-A182-75B5E96D3399}"
EndProject
Global
	GlobalSection(SolutionConfigurationPlatforms) = preSolution
		Debug|Any CPU = Debug|Any CPU
		Release|Any CPU = Release|Any CPU
	EndGlobalSection
	GlobalSection(ProjectConfigurationPlatforms) = postSolution
		{2D240A31-DD86-4FE4-A182-75B5E96D3399}.Debug|Any CPU.ActiveCfg = Debug|Any CPU
		{2D240A31-DD86-4FE4-A182-75B5E96D3399}.Debug|Any CPU.Build.0 = Debug|Any CPU
		{2D240A31-DD86-4FE4-A182-75B5E96D3399}.Release|Any CPU.ActiveCfg = Release|Any CPU
		{2D240A31-DD86-4FE4-A182-75B5E96D3399}.Release|Any CPU.Build.0 = Release|Any CPU
	EndGlobalSection
	GlobalSection(SolutionProperties) = preSolution
		HideSolutionNode = FALSE
	EndGlobalSection
	GlobalSection(ExtensibilityGlobals) = postSolution
		SolutionGuid = {F6ADA30C-3FDC-42C8-89AB-D9600B0BF68A}
	EndGlobalSection
EndGlobal
